// !$*UTF8*$!
{
	archiveVersion = 1;
	classes = {
	};
	objectVersion = 46;
	objects = {

/* Begin PBXBuildFile section */
		B70045271B380E0200146FD0 /* Hello10.swift in Sources */ = {isa = PBXBuildFile; fileRef = B70045261B380E0200146FD0 /* Hello10.swift */; };
		B70045291B38196200146FD0 /* Hello11.swift in Sources */ = {isa = PBXBuildFile; fileRef = B70045281B38196200146FD0 /* Hello11.swift */; };
		B748C7471B3AFBC300C62729 /* MasterTableViewController.swift in Sources */ = {isa = PBXBuildFile; fileRef = B748C7461B3AFBC300C62729 /* MasterTableViewController.swift */; };
		B748C7491B3AFBE800C62729 /* addViewController.swift in Sources */ = {isa = PBXBuildFile; fileRef = B748C7481B3AFBE800C62729 /* addViewController.swift */; };
		B748C74B1B3AFC0500C62729 /* DetailViewController.swift in Sources */ = {isa = PBXBuildFile; fileRef = B748C74A1B3AFC0500C62729 /* DetailViewController.swift */; };
		B74E7B251B35F3D0003A5EC8 /* Hello9.swift in Sources */ = {isa = PBXBuildFile; fileRef = B74E7B241B35F3D0003A5EC8 /* Hello9.swift */; };
		B76E8BDB1B354EB300D77AE0 /* Hello5.swift in Sources */ = {isa = PBXBuildFile; fileRef = B76E8BDA1B354EB300D77AE0 /* Hello5.swift */; };
		B76E8BDD1B35508500D77AE0 /* Hello6.swift in Sources */ = {isa = PBXBuildFile; fileRef = B76E8BDC1B35508500D77AE0 /* Hello6.swift */; };
		B76E8BDF1B3551A000D77AE0 /* Hello7.swift in Sources */ = {isa = PBXBuildFile; fileRef = B76E8BDE1B3551A000D77AE0 /* Hello7.swift */; };
		B76E8BE11B3559DA00D77AE0 /* ExtensionArray.swift in Sources */ = {isa = PBXBuildFile; fileRef = B76E8BE01B3559DA00D77AE0 /* ExtensionArray.swift */; };
		B76E8BE31B35C21F00D77AE0 /* Hello8.swift in Sources */ = {isa = PBXBuildFile; fileRef = B76E8BE21B35C21F00D77AE0 /* Hello8.swift */; };
		B77CA25D1B32CE990066F219 /* Hello2.swift in Sources */ = {isa = PBXBuildFile; fileRef = B77CA25C1B32CE990066F219 /* Hello2.swift */; };
		B77CA25F1B32D30D0066F219 /* Hello3.swift in Sources */ = {isa = PBXBuildFile; fileRef = B77CA25E1B32D30D0066F219 /* Hello3.swift */; };
		B7AA0C8A1B35298F00FC48ED /* Hello4.swift in Sources */ = {isa = PBXBuildFile; fileRef = B7AA0C891B35298F00FC48ED /* Hello4.swift */; };
		B7C14FEC1B383CEF00124665 /* Hello12.swift in Sources */ = {isa = PBXBuildFile; fileRef = B7C14FEB1B383CEF00124665 /* Hello12.swift */; };
		B7ECE7301B33065600483B65 /* Long-party-table-with-neon-napkins.jpg in Resources */ = {isa = PBXBuildFile; fileRef = B7ECE72F1B33065600483B65 /* Long-party-table-with-neon-napkins.jpg */; };
		DBE178E11B10EAC500A50805 /* AppDelegate.swift in Sources */ = {isa = PBXBuildFile; fileRef = DBE178E01B10EAC500A50805 /* AppDelegate.swift */; };
		DBE178E31B10EAC500A50805 /* ViewController.swift in Sources */ = {isa = PBXBuildFile; fileRef = DBE178E21B10EAC500A50805 /* ViewController.swift */; };
		DBE178E61B10EAC500A50805 /* Main.storyboard in Resources */ = {isa = PBXBuildFile; fileRef = DBE178E41B10EAC500A50805 /* Main.storyboard */; };
		DBE178E81B10EAC500A50805 /* Images.xcassets in Resources */ = {isa = PBXBuildFile; fileRef = DBE178E71B10EAC500A50805 /* Images.xcassets */; };
		DBE178EB1B10EAC500A50805 /* LaunchScreen.xib in Resources */ = {isa = PBXBuildFile; fileRef = DBE178E91B10EAC500A50805 /* LaunchScreen.xib */; };
		DBE178F71B10EAC500A50805 /* slide_out_menuTests.swift in Sources */ = {isa = PBXBuildFile; fileRef = DBE178F61B10EAC500A50805 /* slide_out_menuTests.swift */; };
		DBE179031B10EBC700A50805 /* SWRevealViewController.m in Sources */ = {isa = PBXBuildFile; fileRef = DBE179021B10EBC700A50805 /* SWRevealViewController.m */; };
		DBE179051B10EE3A00A50805 /* BackTableVC.swift in Sources */ = {isa = PBXBuildFile; fileRef = DBE179041B10EE3A00A50805 /* BackTableVC.swift */; };
		DBE179071B11813500A50805 /* Hello.swift in Sources */ = {isa = PBXBuildFile; fileRef = DBE179061B11813500A50805 /* Hello.swift */; };
		DBE179091B11819E00A50805 /* Second.swift in Sources */ = {isa = PBXBuildFile; fileRef = DBE179081B11819E00A50805 /* Second.swift */; };
		DBE1790B1B1181D700A50805 /* world.swift in Sources */ = {isa = PBXBuildFile; fileRef = DBE1790A1B1181D700A50805 /* world.swift */; };
/* End PBXBuildFile section */

/* Begin PBXContainerItemProxy section */
		DBE178F11B10EAC500A50805 /* PBXContainerItemProxy */ = {
			isa = PBXContainerItemProxy;
			containerPortal = DBE178D31B10EAC400A50805 /* Project object */;
			proxyType = 1;
			remoteGlobalIDString = DBE178DA1B10EAC500A50805;
			remoteInfo = "slide out menu";
		};
/* End PBXContainerItemProxy section */

/* Begin PBXFileReference section */
		B70045261B380E0200146FD0 /* Hello10.swift */ = {isa = PBXFileReference; fileEncoding = 4; lastKnownFileType = sourcecode.swift; path = Hello10.swift; sourceTree = "<group>"; };
		B70045281B38196200146FD0 /* Hello11.swift */ = {isa = PBXFileReference; fileEncoding = 4; lastKnownFileType = sourcecode.swift; path = Hello11.swift; sourceTree = "<group>"; };
		B748C7461B3AFBC300C62729 /* MasterTableViewController.swift */ = {isa = PBXFileReference; fileEncoding = 4; lastKnownFileType = sourcecode.swift; path = MasterTableViewController.swift; sourceTree = "<group>"; };
		B748C7481B3AFBE800C62729 /* addViewController.swift */ = {isa = PBXFileReference; fileEncoding = 4; lastKnownFileType = sourcecode.swift; path = addViewController.swift; sourceTree = "<group>"; };
		B748C74A1B3AFC0500C62729 /* DetailViewController.swift */ = {isa = PBXFileReference; fileEncoding = 4; lastKnownFileType = sourcecode.swift; path = DetailViewController.swift; sourceTree = "<group>"; };
		B74E7B241B35F3D0003A5EC8 /* Hello9.swift */ = {isa = PBXFileReference; fileEncoding = 4; lastKnownFileType = sourcecode.swift; path = Hello9.swift; sourceTree = "<group>"; };
		B76E8BDA1B354EB300D77AE0 /* Hello5.swift */ = {isa = PBXFileReference; fileEncoding = 4; lastKnownFileType = sourcecode.swift; name = Hello5.swift; path = ../Hello5.swift; sourceTree = "<group>"; };
		B76E8BDC1B35508500D77AE0 /* Hello6.swift */ = {isa = PBXFileReference; fileEncoding = 4; lastKnownFileType = sourcecode.swift; path = Hello6.swift; sourceTree = "<group>"; };
		B76E8BDE1B3551A000D77AE0 /* Hello7.swift */ = {isa = PBXFileReference; fileEncoding = 4; lastKnownFileType = sourcecode.swift; path = Hello7.swift; sourceTree = "<group>"; };
		B76E8BE01B3559DA00D77AE0 /* ExtensionArray.swift */ = {isa = PBXFileReference; fileEncoding = 4; lastKnownFileType = sourcecode.swift; path = ExtensionArray.swift; sourceTree = "<group>"; };
		B76E8BE21B35C21F00D77AE0 /* Hello8.swift */ = {isa = PBXFileReference; fileEncoding = 4; lastKnownFileType = sourcecode.swift; path = Hello8.swift; sourceTree = "<group>"; };
		B77CA25C1B32CE990066F219 /* Hello2.swift */ = {isa = PBXFileReference; fileEncoding = 4; lastKnownFileType = sourcecode.swift; path = Hello2.swift; sourceTree = "<group>"; };
		B77CA25E1B32D30D0066F219 /* Hello3.swift */ = {isa = PBXFileReference; fileEncoding = 4; lastKnownFileType = sourcecode.swift; path = Hello3.swift; sourceTree = "<group>"; };
		B7AA0C891B35298F00FC48ED /* Hello4.swift */ = {isa = PBXFileReference; fileEncoding = 4; lastKnownFileType = sourcecode.swift; path = Hello4.swift; sourceTree = "<group>"; };
		B7C14FEB1B383CEF00124665 /* Hello12.swift */ = {isa = PBXFileReference; fileEncoding = 4; lastKnownFileType = sourcecode.swift; path = Hello12.swift; sourceTree = "<group>"; };
		B7ECE72F1B33065600483B65 /* Long-party-table-with-neon-napkins.jpg */ = {isa = PBXFileReference; lastKnownFileType = image.jpeg; path = "Long-party-table-with-neon-napkins.jpg"; sourceTree = "<group>"; };
		DBE178DB1B10EAC500A50805 /* slide out menu.app */ = {isa = PBXFileReference; explicitFileType = wrapper.application; includeInIndex = 0; path = "slide out menu.app"; sourceTree = BUILT_PRODUCTS_DIR; };
		DBE178DF1B10EAC500A50805 /* Info.plist */ = {isa = PBXFileReference; lastKnownFileType = text.plist.xml; path = Info.plist; sourceTree = "<group>"; };
		DBE178E01B10EAC500A50805 /* AppDelegate.swift */ = {isa = PBXFileReference; lastKnownFileType = sourcecode.swift; path = AppDelegate.swift; sourceTree = "<group>"; };
		DBE178E21B10EAC500A50805 /* ViewController.swift */ = {isa = PBXFileReference; lastKnownFileType = sourcecode.swift; path = ViewController.swift; sourceTree = "<group>"; };
		DBE178E51B10EAC500A50805 /* Base */ = {isa = PBXFileReference; lastKnownFileType = file.storyboard; name = Base; path = Base.lproj/Main.storyboard; sourceTree = "<group>"; };
		DBE178E71B10EAC500A50805 /* Images.xcassets */ = {isa = PBXFileReference; lastKnownFileType = folder.assetcatalog; path = Images.xcassets; sourceTree = "<group>"; };
		DBE178EA1B10EAC500A50805 /* Base */ = {isa = PBXFileReference; lastKnownFileType = file.xib; name = Base; path = Base.lproj/LaunchScreen.xib; sourceTree = "<group>"; };
		DBE178F01B10EAC500A50805 /* slide out menuTests.xctest */ = {isa = PBXFileReference; explicitFileType = wrapper.cfbundle; includeInIndex = 0; path = "slide out menuTests.xctest"; sourceTree = BUILT_PRODUCTS_DIR; };
		DBE178F51B10EAC500A50805 /* Info.plist */ = {isa = PBXFileReference; lastKnownFileType = text.plist.xml; path = Info.plist; sourceTree = "<group>"; };
		DBE178F61B10EAC500A50805 /* slide_out_menuTests.swift */ = {isa = PBXFileReference; lastKnownFileType = sourcecode.swift; path = slide_out_menuTests.swift; sourceTree = "<group>"; };
		DBE179001B10EBC700A50805 /* slide out menu-Bridging-Header.h */ = {isa = PBXFileReference; lastKnownFileType = sourcecode.c.h; path = "slide out menu-Bridging-Header.h"; sourceTree = SOURCE_ROOT; };
		DBE179011B10EBC700A50805 /* SWRevealViewController.h */ = {isa = PBXFileReference; fileEncoding = 4; lastKnownFileType = sourcecode.c.h; name = SWRevealViewController.h; path = ../SWRevealViewController.h; sourceTree = "<group>"; };
		DBE179021B10EBC700A50805 /* SWRevealViewController.m */ = {isa = PBXFileReference; fileEncoding = 4; lastKnownFileType = sourcecode.c.objc; name = SWRevealViewController.m; path = ../SWRevealViewController.m; sourceTree = "<group>"; };
		DBE179041B10EE3A00A50805 /* BackTableVC.swift */ = {isa = PBXFileReference; fileEncoding = 4; lastKnownFileType = sourcecode.swift; path = BackTableVC.swift; sourceTree = "<group>"; };
		DBE179061B11813500A50805 /* Hello.swift */ = {isa = PBXFileReference; fileEncoding = 4; lastKnownFileType = sourcecode.swift; path = Hello.swift; sourceTree = "<group>"; };
		DBE179081B11819E00A50805 /* Second.swift */ = {isa = PBXFileReference; fileEncoding = 4; lastKnownFileType = sourcecode.swift; path = Second.swift; sourceTree = "<group>"; };
		DBE1790A1B1181D700A50805 /* world.swift */ = {isa = PBXFileReference; fileEncoding = 4; lastKnownFileType = sourcecode.swift; path = world.swift; sourceTree = "<group>"; };
/* End PBXFileReference section */

/* Begin PBXFrameworksBuildPhase section */
		DBE178D81B10EAC500A50805 /* Frameworks */ = {
			isa = PBXFrameworksBuildPhase;
			buildActionMask = 2147483647;
			files = (
			);
			runOnlyForDeploymentPostprocessing = 0;
		};
		DBE178ED1B10EAC500A50805 /* Frameworks */ = {
			isa = PBXFrameworksBuildPhase;
			buildActionMask = 2147483647;
			files = (
			);
			runOnlyForDeploymentPostprocessing = 0;
		};
/* End PBXFrameworksBuildPhase section */

/* Begin PBXGroup section */
		DBE178D21B10EAC400A50805 = {
			isa = PBXGroup;
			children = (
				DBE178DD1B10EAC500A50805 /* slide out menu */,
				DBE178F31B10EAC500A50805 /* slide out menuTests */,
				DBE178DC1B10EAC500A50805 /* Products */,
			);
			sourceTree = "<group>";
		};
		DBE178DC1B10EAC500A50805 /* Products */ = {
			isa = PBXGroup;
			children = (
				DBE178DB1B10EAC500A50805 /* slide out menu.app */,
				DBE178F01B10EAC500A50805 /* slide out menuTests.xctest */,
			);
			name = Products;
			sourceTree = "<group>";
		};
		DBE178DD1B10EAC500A50805 /* slide out menu */ = {
			isa = PBXGroup;
			children = (
				DBE178E01B10EAC500A50805 /* AppDelegate.swift */,
				B76E8BE01B3559DA00D77AE0 /* ExtensionArray.swift */,
				DBE178E21B10EAC500A50805 /* ViewController.swift */,
				DBE179041B10EE3A00A50805 /* BackTableVC.swift */,
				DBE178E41B10EAC500A50805 /* Main.storyboard */,
				B748C7481B3AFBE800C62729 /* addViewController.swift */,
				B748C74A1B3AFC0500C62729 /* DetailViewController.swift */,
				B748C7461B3AFBC300C62729 /* MasterTableViewController.swift */,
				DBE179061B11813500A50805 /* Hello.swift */,
				B77CA25C1B32CE990066F219 /* Hello2.swift */,
				B77CA25E1B32D30D0066F219 /* Hello3.swift */,
				B7AA0C891B35298F00FC48ED /* Hello4.swift */,
				B76E8BDA1B354EB300D77AE0 /* Hello5.swift */,
				B76E8BDC1B35508500D77AE0 /* Hello6.swift */,
				B76E8BDE1B3551A000D77AE0 /* Hello7.swift */,
				B76E8BE21B35C21F00D77AE0 /* Hello8.swift */,
				B74E7B241B35F3D0003A5EC8 /* Hello9.swift */,
				B70045261B380E0200146FD0 /* Hello10.swift */,
				B70045281B38196200146FD0 /* Hello11.swift */,
				B7C14FEB1B383CEF00124665 /* Hello12.swift */,
				DBE1790A1B1181D700A50805 /* world.swift */,
				DBE179081B11819E00A50805 /* Second.swift */,
				DBE178E71B10EAC500A50805 /* Images.xcassets */,
				B7ECE72F1B33065600483B65 /* Long-party-table-with-neon-napkins.jpg */,
				DBE178E91B10EAC500A50805 /* LaunchScreen.xib */,
				DBE178DE1B10EAC500A50805 /* Supporting Files */,
			);
			path = "slide out menu";
			sourceTree = "<group>";
		};
		DBE178DE1B10EAC500A50805 /* Supporting Files */ = {
			isa = PBXGroup;
			children = (
				DBE179011B10EBC700A50805 /* SWRevealViewController.h */,
				DBE179021B10EBC700A50805 /* SWRevealViewController.m */,
				DBE179001B10EBC700A50805 /* slide out menu-Bridging-Header.h */,
				DBE178DF1B10EAC500A50805 /* Info.plist */,
			);
			name = "Supporting Files";
			sourceTree = "<group>";
		};
		DBE178F31B10EAC500A50805 /* slide out menuTests */ = {
			isa = PBXGroup;
			children = (
				DBE178F61B10EAC500A50805 /* slide_out_menuTests.swift */,
				DBE178F41B10EAC500A50805 /* Supporting Files */,
			);
			path = "slide out menuTests";
			sourceTree = "<group>";
		};
		DBE178F41B10EAC500A50805 /* Supporting Files */ = {
			isa = PBXGroup;
			children = (
				DBE178F51B10EAC500A50805 /* Info.plist */,
			);
			name = "Supporting Files";
			sourceTree = "<group>";
		};
/* End PBXGroup section */

/* Begin PBXNativeTarget section */
		DBE178DA1B10EAC500A50805 /* slide out menu */ = {
			isa = PBXNativeTarget;
			buildConfigurationList = DBE178FA1B10EAC500A50805 /* Build configuration list for PBXNativeTarget "slide out menu" */;
			buildPhases = (
				DBE178D71B10EAC500A50805 /* Sources */,
				DBE178D81B10EAC500A50805 /* Frameworks */,
				DBE178D91B10EAC500A50805 /* Resources */,
			);
			buildRules = (
			);
			dependencies = (
			);
			name = "slide out menu";
			productName = "slide out menu";
			productReference = DBE178DB1B10EAC500A50805 /* slide out menu.app */;
			productType = "com.apple.product-type.application";
		};
		DBE178EF1B10EAC500A50805 /* slide out menuTests */ = {
			isa = PBXNativeTarget;
			buildConfigurationList = DBE178FD1B10EAC500A50805 /* Build configuration list for PBXNativeTarget "slide out menuTests" */;
			buildPhases = (
				DBE178EC1B10EAC500A50805 /* Sources */,
				DBE178ED1B10EAC500A50805 /* Frameworks */,
				DBE178EE1B10EAC500A50805 /* Resources */,
			);
			buildRules = (
			);
			dependencies = (
				DBE178F21B10EAC500A50805 /* PBXTargetDependency */,
			);
			name = "slide out menuTests";
			productName = "slide out menuTests";
			productReference = DBE178F01B10EAC500A50805 /* slide out menuTests.xctest */;
			productType = "com.apple.product-type.bundle.unit-test";
		};
/* End PBXNativeTarget section */

/* Begin PBXProject section */
		DBE178D31B10EAC400A50805 /* Project object */ = {
			isa = PBXProject;
			attributes = {
				LastUpgradeCheck = 0630;
				ORGANIZATIONNAME = "Ryosuke Fukuda";
				TargetAttributes = {
					DBE178DA1B10EAC500A50805 = {
						CreatedOnToolsVersion = 6.3.1;
					};
					DBE178EF1B10EAC500A50805 = {
						CreatedOnToolsVersion = 6.3.1;
						TestTargetID = DBE178DA1B10EAC500A50805;
					};
				};
			};
			buildConfigurationList = DBE178D61B10EAC400A50805 /* Build configuration list for PBXProject "slide out menu" */;
			compatibilityVersion = "Xcode 3.2";
			developmentRegion = English;
			hasScannedForEncodings = 0;
			knownRegions = (
				en,
				Base,
			);
			mainGroup = DBE178D21B10EAC400A50805;
			productRefGroup = DBE178DC1B10EAC500A50805 /* Products */;
			projectDirPath = "";
			projectRoot = "";
			targets = (
				DBE178DA1B10EAC500A50805 /* slide out menu */,
				DBE178EF1B10EAC500A50805 /* slide out menuTests */,
			);
		};
/* End PBXProject section */

/* Begin PBXResourcesBuildPhase section */
		DBE178D91B10EAC500A50805 /* Resources */ = {
			isa = PBXResourcesBuildPhase;
			buildActionMask = 2147483647;
			files = (
				DBE178E61B10EAC500A50805 /* Main.storyboard in Resources */,
				DBE178EB1B10EAC500A50805 /* LaunchScreen.xib in Resources */,
				B7ECE7301B33065600483B65 /* Long-party-table-with-neon-napkins.jpg in Resources */,
				DBE178E81B10EAC500A50805 /* Images.xcassets in Resources */,
			);
			runOnlyForDeploymentPostprocessing = 0;
		};
		DBE178EE1B10EAC500A50805 /* Resources */ = {
			isa = PBXResourcesBuildPhase;
			buildActionMask = 2147483647;
			files = (
			);
			runOnlyForDeploymentPostprocessing = 0;
		};
/* End PBXResourcesBuildPhase section */

/* Begin PBXSourcesBuildPhase section */
		DBE178D71B10EAC500A50805 /* Sources */ = {
			isa = PBXSourcesBuildPhase;
			buildActionMask = 2147483647;
			files = (
				B70045271B380E0200146FD0 /* Hello10.swift in Sources */,
				DBE178E31B10EAC500A50805 /* ViewController.swift in Sources */,
				B76E8BDD1B35508500D77AE0 /* Hello6.swift in Sources */,
				B77CA25F1B32D30D0066F219 /* Hello3.swift in Sources */,
				B7C14FEC1B383CEF00124665 /* Hello12.swift in Sources */,
				DBE1790B1B1181D700A50805 /* world.swift in Sources */,
				B74E7B251B35F3D0003A5EC8 /* Hello9.swift in Sources */,
				B748C7491B3AFBE800C62729 /* addViewController.swift in Sources */,
				B76E8BE31B35C21F00D77AE0 /* Hello8.swift in Sources */,
				DBE178E11B10EAC500A50805 /* AppDelegate.swift in Sources */,
				B76E8BE11B3559DA00D77AE0 /* ExtensionArray.swift in Sources */,
				B748C74B1B3AFC0500C62729 /* DetailViewController.swift in Sources */,
				DBE179051B10EE3A00A50805 /* BackTableVC.swift in Sources */,
				B76E8BDF1B3551A000D77AE0 /* Hello7.swift in Sources */,
				DBE179071B11813500A50805 /* Hello.swift in Sources */,
				B748C7471B3AFBC300C62729 /* MasterTableViewController.swift in Sources */,
				B70045291B38196200146FD0 /* Hello11.swift in Sources */,
				B77CA25D1B32CE990066F219 /* Hello2.swift in Sources */,
				DBE179031B10EBC700A50805 /* SWRevealViewController.m in Sources */,
				DBE179091B11819E00A50805 /* Second.swift in Sources */,
				B76E8BDB1B354EB300D77AE0 /* Hello5.swift in Sources */,
				B7AA0C8A1B35298F00FC48ED /* Hello4.swift in Sources */,
			);
			runOnlyForDeploymentPostprocessing = 0;
		};
		DBE178EC1B10EAC500A50805 /* Sources */ = {
			isa = PBXSourcesBuildPhase;
			buildActionMask = 2147483647;
			files = (
				DBE178F71B10EAC500A50805 /* slide_out_menuTests.swift in Sources */,
			);
			runOnlyForDeploymentPostprocessing = 0;
		};
/* End PBXSourcesBuildPhase section */

/* Begin PBXTargetDependency section */
		DBE178F21B10EAC500A50805 /* PBXTargetDependency */ = {
			isa = PBXTargetDependency;
			target = DBE178DA1B10EAC500A50805 /* slide out menu */;
			targetProxy = DBE178F11B10EAC500A50805 /* PBXContainerItemProxy */;
		};
/* End PBXTargetDependency section */

/* Begin PBXVariantGroup section */
		DBE178E41B10EAC500A50805 /* Main.storyboard */ = {
			isa = PBXVariantGroup;
			children = (
				DBE178E51B10EAC500A50805 /* Base */,
			);
			name = Main.storyboard;
			sourceTree = "<group>";
		};
		DBE178E91B10EAC500A50805 /* LaunchScreen.xib */ = {
			isa = PBXVariantGroup;
			children = (
				DBE178EA1B10EAC500A50805 /* Base */,
			);
			name = LaunchScreen.xib;
			sourceTree = "<group>";
		};
/* End PBXVariantGroup section */

/* Begin XCBuildConfiguration section */
		DBE178F81B10EAC500A50805 /* Debug */ = {
			isa = XCBuildConfiguration;
			buildSettings = {
				ALWAYS_SEARCH_USER_PATHS = NO;
				CLANG_CXX_LANGUAGE_STANDARD = "gnu++0x";
				CLANG_CXX_LIBRARY = "libc++";
				CLANG_ENABLE_MODULES = YES;
				CLANG_ENABLE_OBJC_ARC = YES;
				CLANG_WARN_BOOL_CONVERSION = YES;
				CLANG_WARN_CONSTANT_CONVERSION = YES;
				CLANG_WARN_DIRECT_OBJC_ISA_USAGE = YES_ERROR;
				CLANG_WARN_EMPTY_BODY = YES;
				CLANG_WARN_ENUM_CONVERSION = YES;
				CLANG_WARN_INT_CONVERSION = YES;
				CLANG_WARN_OBJC_ROOT_CLASS = YES_ERROR;
				CLANG_WARN_UNREACHABLE_CODE = YES;
				CLANG_WARN__DUPLICATE_METHOD_MATCH = YES;
				"CODE_SIGN_IDENTITY[sdk=iphoneos*]" = "iPhone Developer";
				COPY_PHASE_STRIP = NO;
				DEBUG_INFORMATION_FORMAT = "dwarf-with-dsym";
				ENABLE_STRICT_OBJC_MSGSEND = YES;
				GCC_C_LANGUAGE_STANDARD = gnu99;
				GCC_DYNAMIC_NO_PIC = NO;
				GCC_NO_COMMON_BLOCKS = YES;
				GCC_OPTIMIZATION_LEVEL = 0;
				GCC_PREPROCESSOR_DEFINITIONS = (
					"DEBUG=1",
					"$(inherited)",
				);
				GCC_SYMBOLS_PRIVATE_EXTERN = NO;
				GCC_WARN_64_TO_32_BIT_CONVERSION = YES;
				GCC_WARN_ABOUT_RETURN_TYPE = YES_ERROR;
				GCC_WARN_UNDECLARED_SELECTOR = YES;
				GCC_WARN_UNINITIALIZED_AUTOS = YES_AGGRESSIVE;
				GCC_WARN_UNUSED_FUNCTION = YES;
				GCC_WARN_UNUSED_VARIABLE = YES;
				IPHONEOS_DEPLOYMENT_TARGET = 8.3;
				MTL_ENABLE_DEBUG_INFO = YES;
				ONLY_ACTIVE_ARCH = YES;
				SDKROOT = iphoneos;
				SWIFT_OPTIMIZATION_LEVEL = "-Onone";
			};
			name = Debug;
		};
		DBE178F91B10EAC500A50805 /* Release */ = {
			isa = XCBuildConfiguration;
			buildSettings = {
				ALWAYS_SEARCH_USER_PATHS = NO;
				CLANG_CXX_LANGUAGE_STANDARD = "gnu++0x";
				CLANG_CXX_LIBRARY = "libc++";
				CLANG_ENABLE_MODULES = YES;
				CLANG_ENABLE_OBJC_ARC = YES;
				CLANG_WARN_BOOL_CONVERSION = YES;
				CLANG_WARN_CONSTANT_CONVERSION = YES;
				CLANG_WARN_DIRECT_OBJC_ISA_USAGE = YES_ERROR;
				CLANG_WARN_EMPTY_BODY = YES;
				CLANG_WARN_ENUM_CONVERSION = YES;
				CLANG_WARN_INT_CONVERSION = YES;
				CLANG_WARN_OBJC_ROOT_CLASS = YES_ERROR;
				CLANG_WARN_UNREACHABLE_CODE = YES;
				CLANG_WARN__DUPLICATE_METHOD_MATCH = YES;
				"CODE_SIGN_IDENTITY[sdk=iphoneos*]" = "iPhone Developer";
				COPY_PHASE_STRIP = NO;
				DEBUG_INFORMATION_FORMAT = "dwarf-with-dsym";
				ENABLE_NS_ASSERTIONS = NO;
				ENABLE_STRICT_OBJC_MSGSEND = YES;
				GCC_C_LANGUAGE_STANDARD = gnu99;
				GCC_NO_COMMON_BLOCKS = YES;
				GCC_WARN_64_TO_32_BIT_CONVERSION = YES;
				GCC_WARN_ABOUT_RETURN_TYPE = YES_ERROR;
				GCC_WARN_UNDECLARED_SELECTOR = YES;
				GCC_WARN_UNINITIALIZED_AUTOS = YES_AGGRESSIVE;
				GCC_WARN_UNUSED_FUNCTION = YES;
				GCC_WARN_UNUSED_VARIABLE = YES;
				IPHONEOS_DEPLOYMENT_TARGET = 8.3;
				MTL_ENABLE_DEBUG_INFO = NO;
				SDKROOT = iphoneos;
				VALIDATE_PRODUCT = YES;
			};
			name = Release;
		};
		DBE178FB1B10EAC500A50805 /* Debug */ = {
			isa = XCBuildConfiguration;
			buildSettings = {
				ASSETCATALOG_COMPILER_APPICON_NAME = AppIcon;
				CLANG_ENABLE_MODULES = YES;
				INFOPLIST_FILE = "slide out menu/Info.plist";
				LD_RUNPATH_SEARCH_PATHS = "$(inherited) @executable_path/Frameworks";
				PRODUCT_NAME = "$(TARGET_NAME)";
				SWIFT_OBJC_BRIDGING_HEADER = "slide out menu-Bridging-Header.h";
				SWIFT_OPTIMIZATION_LEVEL = "-Onone";
			};
			name = Debug;
		};
		DBE178FC1B10EAC500A50805 /* Release */ = {
			isa = XCBuildConfiguration;
			buildSettings = {
				ASSETCATALOG_COMPILER_APPICON_NAME = AppIcon;
				CLANG_ENABLE_MODULES = YES;
				INFOPLIST_FILE = "slide out menu/Info.plist";
				LD_RUNPATH_SEARCH_PATHS = "$(inherited) @executable_path/Frameworks";
				PRODUCT_NAME = "$(TARGET_NAME)";
				SWIFT_OBJC_BRIDGING_HEADER = "slide out menu-Bridging-Header.h";
			};
			name = Release;
		};
		DBE178FE1B10EAC500A50805 /* Debug */ = {
			isa = XCBuildConfiguration;
			buildSettings = {
				BUNDLE_LOADER = "$(TEST_HOST)";
				FRAMEWORK_SEARCH_PATHS = (
					"$(SDKROOT)/Developer/Library/Frameworks",
					"$(inherited)",
				);
				GCC_PREPROCESSOR_DEFINITIONS = (
					"DEBUG=1",
					"$(inherited)",
				);
				INFOPLIST_FILE = "slide out menuTests/Info.plist";
				LD_RUNPATH_SEARCH_PATHS = "$(inherited) @executable_path/Frameworks @loader_path/Frameworks";
				PRODUCT_NAME = "$(TARGET_NAME)";
				TEST_HOST = "$(BUILT_PRODUCTS_DIR)/slide out menu.app/slide out menu";
			};
			name = Debug;
		};
		DBE178FF1B10EAC500A50805 /* Release */ = {
			isa = XCBuildConfiguration;
			buildSettings = {
				BUNDLE_LOADER = "$(TEST_HOST)";
				FRAMEWORK_SEARCH_PATHS = (
					"$(SDKROOT)/Developer/Library/Frameworks",
					"$(inherited)",
				);
				INFOPLIST_FILE = "slide out menuTests/Info.plist";
				LD_RUNPATH_SEARCH_PATHS = "$(inherited) @executable_path/Frameworks @loader_path/Frameworks";
				PRODUCT_NAME = "$(TARGET_NAME)";
				TEST_HOST = "$(BUILT_PRODUCTS_DIR)/slide out menu.app/slide out menu";
			};
			name = Release;
		};
/* End XCBuildConfiguration section */

/* Begin XCConfigurationList section */
		DBE178D61B10EAC400A50805 /* Build configuration list for PBXProject "slide out menu" */ = {
			isa = XCConfigurationList;
			buildConfigurations = (
				DBE178F81B10EAC500A50805 /* Debug */,
				DBE178F91B10EAC500A50805 /* Release */,
			);
			defaultConfigurationIsVisible = 0;
			defaultConfigurationName = Release;
		};
		DBE178FA1B10EAC500A50805 /* Build configuration list for PBXNativeTarget "slide out menu" */ = {
			isa = XCConfigurationList;
			buildConfigurations = (
				DBE178FB1B10EAC500A50805 /* Debug */,
				DBE178FC1B10EAC500A50805 /* Release */,
			);
			defaultConfigurationIsVisible = 0;
			defaultConfigurationName = Release;
		};
		DBE178FD1B10EAC500A50805 /* Build configuration list for PBXNativeTarget "slide out menuTests" */ = {
			isa = XCConfigurationList;
			buildConfigurations = (
				DBE178FE1B10EAC500A50805 /* Debug */,
				DBE178FF1B10EAC500A50805 /* Release */,
			);
			defaultConfigurationIsVisible = 0;
			defaultConfigurationName = Release;
		};
/* End XCConfigurationList section */
	};
	rootObject = DBE178D31B10EAC400A50805 /* Project object */;
}
